{
  "R": {
    "Version": "4.0.3",
    "Repositories": [
      {
        "Name": "CRAN",
        "URL": "https://cloud.r-project.org"
      }
    ]
  },
  "Packages": {
    "renv": {
      "Package": "renv",
      "Version": "0.12.0-4",
      "Source": "Repository",
      "Repository": null,
      "Hash": "24aab9dc7a50b764d935e60285d81582"
    }
  }
}
